
Microsoft Visual Studio Solution File, Format Version 12.00
# Visual Studio 15
VisualStudioVersion = 15.0.26124.0
MinimumVisualStudioVersion = 15.0.26124.0
Project("{FAE04EC0-301F-11D3-BF4B-00C04F79EFBC}") = "Domain", "Domain\Domain.csproj", "{DDB7CBFA-62C6-49C3-AB2E-41C202331250}"
EndProject
Project("{FAE04EC0-301F-11D3-BF4B-00C04F79EFBC}") = "Persistence", "Persistence\Persistence.csproj", "{ED6819B1-D8B9-44EF-B8E4-08436B7F403F}"
EndProject
Project("{FAE04EC0-301F-11D3-BF4B-00C04F79EFBC}") = "Application", "Application\Application.csproj", "{59D3BE39-3FE0-477C-8436-C4094501C69E}"
EndProject
Project("{FAE04EC0-301F-11D3-BF4B-00C04F79EFBC}") = "API", "API\API.csproj", "{7CD2B668-5742-464E-871D-8D55C5965238}"
EndProject
Global
	GlobalSection(SolutionConfigurationPlatforms) = preSolution
		Debug|Any CPU = Debug|Any CPU
		Debug|x64 = Debug|x64
		Debug|x86 = Debug|x86
		Release|Any CPU = Release|Any CPU
		Release|x64 = Release|x64
		Release|x86 = Release|x86
	EndGlobalSection
	GlobalSection(SolutionProperties) = preSolution
		HideSolutionNode = FALSE
	EndGlobalSection
	GlobalSection(ProjectConfigurationPlatforms) = postSolution
		{DDB7CBFA-62C6-49C3-AB2E-41C202331250}.Debug|Any CPU.ActiveCfg = Debug|Any CPU
		{DDB7CBFA-62C6-49C3-AB2E-41C202331250}.Debug|Any CPU.Build.0 = Debug|Any CPU
		{DDB7CBFA-62C6-49C3-AB2E-41C202331250}.Debug|x64.ActiveCfg = Debug|Any CPU
		{DDB7CBFA-62C6-49C3-AB2E-41C202331250}.Debug|x64.Build.0 = Debug|Any CPU
		{DDB7CBFA-62C6-49C3-AB2E-41C202331250}.Debug|x86.ActiveCfg = Debug|Any CPU
		{DDB7CBFA-62C6-49C3-AB2E-41C202331250}.Debug|x86.Build.0 = Debug|Any CPU
		{DDB7CBFA-62C6-49C3-AB2E-41C202331250}.Release|Any CPU.ActiveCfg = Release|Any CPU
		{DDB7CBFA-62C6-49C3-AB2E-41C202331250}.Release|Any CPU.Build.0 = Release|Any CPU
		{DDB7CBFA-62C6-49C3-AB2E-41C202331250}.Release|x64.ActiveCfg = Release|Any CPU
		{DDB7CBFA-62C6-49C3-AB2E-41C202331250}.Release|x64.Build.0 = Release|Any CPU
		{DDB7CBFA-62C6-49C3-AB2E-41C202331250}.Release|x86.ActiveCfg = Release|Any CPU
		{DDB7CBFA-62C6-49C3-AB2E-41C202331250}.Release|x86.Build.0 = Release|Any CPU
		{ED6819B1-D8B9-44EF-B8E4-08436B7F403F}.Debug|Any CPU.ActiveCfg = Debug|Any CPU
		{ED6819B1-D8B9-44EF-B8E4-08436B7F403F}.Debug|Any CPU.Build.0 = Debug|Any CPU
		{ED6819B1-D8B9-44EF-B8E4-08436B7F403F}.Debug|x64.ActiveCfg = Debug|Any CPU
		{ED6819B1-D8B9-44EF-B8E4-08436B7F403F}.Debug|x64.Build.0 = Debug|Any CPU
		{ED6819B1-D8B9-44EF-B8E4-08436B7F403F}.Debug|x86.ActiveCfg = Debug|Any CPU
		{ED6819B1-D8B9-44EF-B8E4-08436B7F403F}.Debug|x86.Build.0 = Debug|Any CPU
		{ED6819B1-D8B9-44EF-B8E4-08436B7F403F}.Release|Any CPU.ActiveCfg = Release|Any CPU
		{ED6819B1-D8B9-44EF-B8E4-08436B7F403F}.Release|Any CPU.Build.0 = Release|Any CPU
		{ED6819B1-D8B9-44EF-B8E4-08436B7F403F}.Release|x64.ActiveCfg = Release|Any CPU
		{ED6819B1-D8B9-44EF-B8E4-08436B7F403F}.Release|x64.Build.0 = Release|Any CPU
		{ED6819B1-D8B9-44EF-B8E4-08436B7F403F}.Release|x86.ActiveCfg = Release|Any CPU
		{ED6819B1-D8B9-44EF-B8E4-08436B7F403F}.Release|x86.Build.0 = Release|Any CPU
		{59D3BE39-3FE0-477C-8436-C4094501C69E}.Debug|Any CPU.ActiveCfg = Debug|Any CPU
		{59D3BE39-3FE0-477C-8436-C4094501C69E}.Debug|Any CPU.Build.0 = Debug|Any CPU
		{59D3BE39-3FE0-477C-8436-C4094501C69E}.Debug|x64.ActiveCfg = Debug|Any CPU
		{59D3BE39-3FE0-477C-8436-C4094501C69E}.Debug|x64.Build.0 = Debug|Any CPU
		{59D3BE39-3FE0-477C-8436-C4094501C69E}.Debug|x86.ActiveCfg = Debug|Any CPU
		{59D3BE39-3FE0-477C-8436-C4094501C69E}.Debug|x86.Build.0 = Debug|Any CPU
		{59D3BE39-3FE0-477C-8436-C4094501C69E}.Release|Any CPU.ActiveCfg = Release|Any CPU
		{59D3BE39-3FE0-477C-8436-C4094501C69E}.Release|Any CPU.Build.0 = Release|Any CPU
		{59D3BE39-3FE0-477C-8436-C4094501C69E}.Release|x64.ActiveCfg = Release|Any CPU
		{59D3BE39-3FE0-477C-8436-C4094501C69E}.Release|x64.Build.0 = Release|Any CPU
		{59D3BE39-3FE0-477C-8436-C4094501C69E}.Release|x86.ActiveCfg = Release|Any CPU
		{59D3BE39-3FE0-477C-8436-C4094501C69E}.Release|x86.Build.0 = Release|Any CPU
		{7CD2B668-5742-464E-871D-8D55C5965238}.Debug|Any CPU.ActiveCfg = Debug|Any CPU
		{7CD2B668-5742-464E-871D-8D55C5965238}.Debug|Any CPU.Build.0 = Debug|Any CPU
		{7CD2B668-5742-464E-871D-8D55C5965238}.Debug|x64.ActiveCfg = Debug|Any CPU
		{7CD2B668-5742-464E-871D-8D55C5965238}.Debug|x64.Build.0 = Debug|Any CPU
		{7CD2B668-5742-464E-871D-8D55C5965238}.Debug|x86.ActiveCfg = Debug|Any CPU
		{7CD2B668-5742-464E-871D-8D55C5965238}.Debug|x86.Build.0 = Debug|Any CPU
		{7CD2B668-5742-464E-871D-8D55C5965238}.Release|Any CPU.ActiveCfg = Release|Any CPU
		{7CD2B668-5742-464E-871D-8D55C5965238}.Release|Any CPU.Build.0 = Release|Any CPU
		{7CD2B668-5742-464E-871D-8D55C5965238}.Release|x64.ActiveCfg = Release|Any CPU
		{7CD2B668-5742-464E-871D-8D55C5965238}.Release|x64.Build.0 = Release|Any CPU
		{7CD2B668-5742-464E-871D-8D55C5965238}.Release|x86.ActiveCfg = Release|Any CPU
		{7CD2B668-5742-464E-871D-8D55C5965238}.Release|x86.Build.0 = Release|Any CPU
	EndGlobalSection
EndGlobal
